// !$*UTF8*$!
{
	archiveVersion = 1;
	classes = {
	};
	objectVersion = 46;
	objects = {

/* Begin PBXBuildFile section */
		3465B47C1B40400D00815770 /* AppDelegate.swift in Sources */ = {isa = PBXBuildFile; fileRef = 3465B47B1B40400D00815770 /* AppDelegate.swift */; };
		3465B47E1B40400D00815770 /* ViewController.swift in Sources */ = {isa = PBXBuildFile; fileRef = 3465B47D1B40400D00815770 /* ViewController.swift */; };
		3465B4811B40400D00815770 /* Main.storyboard in Resources */ = {isa = PBXBuildFile; fileRef = 3465B47F1B40400D00815770 /* Main.storyboard */; };
		3465B4831B40400D00815770 /* Images.xcassets in Resources */ = {isa = PBXBuildFile; fileRef = 3465B4821B40400D00815770 /* Images.xcassets */; };
		3465B4861B40400D00815770 /* LaunchScreen.xib in Resources */ = {isa = PBXBuildFile; fileRef = 3465B4841B40400D00815770 /* LaunchScreen.xib */; };
		3465B4921B40400E00815770 /* CalculatorTests.swift in Sources */ = {isa = PBXBuildFile; fileRef = 3465B4911B40400E00815770 /* CalculatorTests.swift */; };
		348D63631B4BF00C006AAF31 /* CalculatorBrain.swift in Sources */ = {isa = PBXBuildFile; fileRef = 348D63621B4BF00C006AAF31 /* CalculatorBrain.swift */; };
/* End PBXBuildFile section */

/* Begin PBXContainerItemProxy section */
		3465B48C1B40400E00815770 /* PBXContainerItemProxy */ = {
			isa = PBXContainerItemProxy;
			containerPortal = 3465B46E1B40400D00815770 /* Project object */;
			proxyType = 1;
			remoteGlobalIDString = 3465B4751B40400D00815770;
			remoteInfo = Calculator;
		};
/* End PBXContainerItemProxy section */

/* Begin PBXFileReference section */
		3465B4761B40400D00815770 /* Calculator.app */ = {isa = PBXFileReference; explicitFileType = wrapper.application; includeInIndex = 0; path = Calculator.app; sourceTree = BUILT_PRODUCTS_DIR; };
		3465B47A1B40400D00815770 /* Info.plist */ = {isa = PBXFileReference; lastKnownFileType = text.plist.xml; path = Info.plist; sourceTree = "<group>"; };
		3465B47B1B40400D00815770 /* AppDelegate.swift */ = {isa = PBXFileReference; lastKnownFileType = sourcecode.swift; path = AppDelegate.swift; sourceTree = "<group>"; };
		3465B47D1B40400D00815770 /* ViewController.swift */ = {isa = PBXFileReference; explicitFileType = sourcecode.swift; path = ViewController.swift; sourceTree = "<group>"; usesTabs = 0; };
		3465B4801B40400D00815770 /* Base */ = {isa = PBXFileReference; lastKnownFileType = file.storyboard; name = Base; path = Base.lproj/Main.storyboard; sourceTree = "<group>"; };
		3465B4821B40400D00815770 /* Images.xcassets */ = {isa = PBXFileReference; lastKnownFileType = folder.assetcatalog; path = Images.xcassets; sourceTree = "<group>"; };
		3465B4851B40400D00815770 /* Base */ = {isa = PBXFileReference; lastKnownFileType = file.xib; name = Base; path = Base.lproj/LaunchScreen.xib; sourceTree = "<group>"; };
		3465B48B1B40400E00815770 /* CalculatorTests.xctest */ = {isa = PBXFileReference; explicitFileType = wrapper.cfbundle; includeInIndex = 0; path = CalculatorTests.xctest; sourceTree = BUILT_PRODUCTS_DIR; };
		3465B4901B40400E00815770 /* Info.plist */ = {isa = PBXFileReference; lastKnownFileType = text.plist.xml; path = Info.plist; sourceTree = "<group>"; };
		3465B4911B40400E00815770 /* CalculatorTests.swift */ = {isa = PBXFileReference; lastKnownFileType = sourcecode.swift; path = CalculatorTests.swift; sourceTree = "<group>"; };
		348D63621B4BF00C006AAF31 /* CalculatorBrain.swift */ = {isa = PBXFileReference; fileEncoding = 4; lastKnownFileType = sourcecode.swift; path = CalculatorBrain.swift; sourceTree = "<group>"; };
/* End PBXFileReference section */

/* Begin PBXFrameworksBuildPhase section */
		3465B4731B40400D00815770 /* Frameworks */ = {
			isa = PBXFrameworksBuildPhase;
			buildActionMask = 2147483647;
			files = (
			);
			runOnlyForDeploymentPostprocessing = 0;
		};
		3465B4881B40400E00815770 /* Frameworks */ = {
			isa = PBXFrameworksBuildPhase;
			buildActionMask = 2147483647;
			files = (
			);
			runOnlyForDeploymentPostprocessing = 0;
		};
/* End PBXFrameworksBuildPhase section */

/* Begin PBXGroup section */
		3465B46D1B40400D00815770 = {
			isa = PBXGroup;
			children = (
				3465B4781B40400D00815770 /* Calculator */,
				3465B48E1B40400E00815770 /* CalculatorTests */,
				3465B4771B40400D00815770 /* Products */,
			);
			sourceTree = "<group>";
		};
		3465B4771B40400D00815770 /* Products */ = {
			isa = PBXGroup;
			children = (
				3465B4761B40400D00815770 /* Calculator.app */,
				3465B48B1B40400E00815770 /* CalculatorTests.xctest */,
			);
			name = Products;
			sourceTree = "<group>";
		};
		3465B4781B40400D00815770 /* Calculator */ = {
			isa = PBXGroup;
			children = (
				3465B47D1B40400D00815770 /* ViewController.swift */,
				348D63621B4BF00C006AAF31 /* CalculatorBrain.swift */,
				3465B47F1B40400D00815770 /* Main.storyboard */,
				3465B4791B40400D00815770 /* Supporting Files */,
			);
			path = Calculator;
			sourceTree = "<group>";
		};
		3465B4791B40400D00815770 /* Supporting Files */ = {
			isa = PBXGroup;
			children = (
				3465B4821B40400D00815770 /* Images.xcassets */,
				3465B4841B40400D00815770 /* LaunchScreen.xib */,
				3465B47B1B40400D00815770 /* AppDelegate.swift */,
				3465B47A1B40400D00815770 /* Info.plist */,
			);
			name = "Supporting Files";
			sourceTree = "<group>";
		};
		3465B48E1B40400E00815770 /* CalculatorTests */ = {
			isa = PBXGroup;
			children = (
				3465B4911B40400E00815770 /* CalculatorTests.swift */,
				3465B48F1B40400E00815770 /* Supporting Files */,
			);
			path = CalculatorTests;
			sourceTree = "<group>";
		};
		3465B48F1B40400E00815770 /* Supporting Files */ = {
			isa = PBXGroup;
			children = (
				3465B4901B40400E00815770 /* Info.plist */,
			);
			name = "Supporting Files";
			sourceTree = "<group>";
		};
/* End PBXGroup section */

/* Begin PBXNativeTarget section */
		3465B4751B40400D00815770 /* Calculator */ = {
			isa = PBXNativeTarget;
			buildConfigurationList = 3465B4951B40400E00815770 /* Build configuration list for PBXNativeTarget "Calculator" */;
			buildPhases = (
				3465B4721B40400D00815770 /* Sources */,
				3465B4731B40400D00815770 /* Frameworks */,
				3465B4741B40400D00815770 /* Resources */,
			);
			buildRules = (
			);
			dependencies = (
			);
			name = Calculator;
			productName = Calculator;
			productReference = 3465B4761B40400D00815770 /* Calculator.app */;
			productType = "com.apple.product-type.application";
		};
		3465B48A1B40400E00815770 /* CalculatorTests */ = {
			isa = PBXNativeTarget;
			buildConfigurationList = 3465B4981B40400E00815770 /* Build configuration list for PBXNativeTarget "CalculatorTests" */;
			buildPhases = (
				3465B4871B40400E00815770 /* Sources */,
				3465B4881B40400E00815770 /* Frameworks */,
				3465B4891B40400E00815770 /* Resources */,
			);
			buildRules = (
			);
			dependencies = (
				3465B48D1B40400E00815770 /* PBXTargetDependency */,
			);
			name = CalculatorTests;
			productName = CalculatorTests;
			productReference = 3465B48B1B40400E00815770 /* CalculatorTests.xctest */;
			productType = "com.apple.product-type.bundle.unit-test";
		};
/* End PBXNativeTarget section */

/* Begin PBXProject section */
		3465B46E1B40400D00815770 /* Project object */ = {
			isa = PBXProject;
			attributes = {
				LastUpgradeCheck = 0640;
				ORGANIZATIONNAME = "Bojan Stevanovic";
				TargetAttributes = {
					3465B4751B40400D00815770 = {
						CreatedOnToolsVersion = 6.3.2;
					};
					3465B48A1B40400E00815770 = {
						CreatedOnToolsVersion = 6.3.2;
						TestTargetID = 3465B4751B40400D00815770;
					};
				};
			};
			buildConfigurationList = 3465B4711B40400D00815770 /* Build configuration list for PBXProject "Calculator" */;
			compatibilityVersion = "Xcode 3.2";
			developmentRegion = English;
			hasScannedForEncodings = 0;
			knownRegions = (
				en,
				Base,
			);
			mainGroup = 3465B46D1B40400D00815770;
			productRefGroup = 3465B4771B40400D00815770 /* Products */;
			projectDirPath = "";
			projectRoot = "";
			targets = (
				3465B4751B40400D00815770 /* Calculator */,
				3465B48A1B40400E00815770 /* CalculatorTests */,
			);
		};
/* End PBXProject section */

/* Begin PBXResourcesBuildPhase section */
		3465B4741B40400D00815770 /* Resources */ = {
			isa = PBXResourcesBuildPhase;
			buildActionMask = 2147483647;
			files = (
				3465B4811B40400D00815770 /* Main.storyboard in Resources */,
				3465B4861B40400D00815770 /* LaunchScreen.xib in Resources */,
				3465B4831B40400D00815770 /* Images.xcassets in Resources */,
			);
			runOnlyForDeploymentPostprocessing = 0;
		};
		3465B4891B40400E00815770 /* Resources */ = {
			isa = PBXResourcesBuildPhase;
			buildActionMask = 2147483647;
			files = (
			);
			runOnlyForDeploymentPostprocessing = 0;
		};
/* End PBXResourcesBuildPhase section */

/* Begin PBXSourcesBuildPhase section */
		3465B4721B40400D00815770 /* Sources */ = {
			isa = PBXSourcesBuildPhase;
			buildActionMask = 2147483647;
			files = (
				348D63631B4BF00C006AAF31 /* CalculatorBrain.swift in Sources */,
				3465B47E1B40400D00815770 /* ViewController.swift in Sources */,
				3465B47C1B40400D00815770 /* AppDelegate.swift in Sources */,
			);
			runOnlyForDeploymentPostprocessing = 0;
		};
		3465B4871B40400E00815770 /* Sources */ = {
			isa = PBXSourcesBuildPhase;
			buildActionMask = 2147483647;
			files = (
				3465B4921B40400E00815770 /* CalculatorTests.swift in Sources */,
			);
			runOnlyForDeploymentPostprocessing = 0;
		};
/* End PBXSourcesBuildPhase section */

/* Begin PBXTargetDependency section */
		3465B48D1B40400E00815770 /* PBXTargetDependency */ = {
			isa = PBXTargetDependency;
			target = 3465B4751B40400D00815770 /* Calculator */;
			targetProxy = 3465B48C1B40400E00815770 /* PBXContainerItemProxy */;
		};
/* End PBXTargetDependency section */

/* Begin PBXVariantGroup section */
		3465B47F1B40400D00815770 /* Main.storyboard */ = {
			isa = PBXVariantGroup;
			children = (
				3465B4801B40400D00815770 /* Base */,
			);
			name = Main.storyboard;
			sourceTree = "<group>";
		};
		3465B4841B40400D00815770 /* LaunchScreen.xib */ = {
			isa = PBXVariantGroup;
			children = (
				3465B4851B40400D00815770 /* Base */,
			);
			name = LaunchScreen.xib;
			sourceTree = "<group>";
		};
/* End PBXVariantGroup section */

/* Begin XCBuildConfiguration section */
		3465B4931B40400E00815770 /* Debug */ = {
			isa = XCBuildConfiguration;
			buildSettings = {
				ALWAYS_SEARCH_USER_PATHS = NO;
				CLANG_CXX_LANGUAGE_STANDARD = "gnu++0x";
				CLANG_CXX_LIBRARY = "libc++";
				CLANG_ENABLE_MODULES = YES;
				CLANG_ENABLE_OBJC_ARC = YES;
				CLANG_WARN_BOOL_CONVERSION = YES;
				CLANG_WARN_CONSTANT_CONVERSION = YES;
				CLANG_WARN_DIRECT_OBJC_ISA_USAGE = YES_ERROR;
				CLANG_WARN_EMPTY_BODY = YES;
				CLANG_WARN_ENUM_CONVERSION = YES;
				CLANG_WARN_INT_CONVERSION = YES;
				CLANG_WARN_OBJC_ROOT_CLASS = YES_ERROR;
				CLANG_WARN_UNREACHABLE_CODE = YES;
				CLANG_WARN__DUPLICATE_METHOD_MATCH = YES;
				"CODE_SIGN_IDENTITY[sdk=iphoneos*]" = "iPhone Developer";
				COPY_PHASE_STRIP = NO;
				DEBUG_INFORMATION_FORMAT = "dwarf-with-dsym";
				ENABLE_STRICT_OBJC_MSGSEND = YES;
				GCC_C_LANGUAGE_STANDARD = gnu99;
				GCC_DYNAMIC_NO_PIC = NO;
				GCC_NO_COMMON_BLOCKS = YES;
				GCC_OPTIMIZATION_LEVEL = 0;
				GCC_PREPROCESSOR_DEFINITIONS = (
					"DEBUG=1",
					"$(inherited)",
				);
				GCC_SYMBOLS_PRIVATE_EXTERN = NO;
				GCC_WARN_64_TO_32_BIT_CONVERSION = YES;
				GCC_WARN_ABOUT_RETURN_TYPE = YES_ERROR;
				GCC_WARN_UNDECLARED_SELECTOR = YES;
				GCC_WARN_UNINITIALIZED_AUTOS = YES_AGGRESSIVE;
				GCC_WARN_UNUSED_FUNCTION = YES;
				GCC_WARN_UNUSED_VARIABLE = YES;
				IPHONEOS_DEPLOYMENT_TARGET = 8.3;
				MTL_ENABLE_DEBUG_INFO = YES;
				ONLY_ACTIVE_ARCH = YES;
				SDKROOT = iphoneos;
				SWIFT_OPTIMIZATION_LEVEL = "-Onone";
				TARGETED_DEVICE_FAMILY = "1,2";
			};
			name = Debug;
		};
		3465B4941B40400E00815770 /* Release */ = {
			isa = XCBuildConfiguration;
			buildSettings = {
				ALWAYS_SEARCH_USER_PATHS = NO;
				CLANG_CXX_LANGUAGE_STANDARD = "gnu++0x";
				CLANG_CXX_LIBRARY = "libc++";
				CLANG_ENABLE_MODULES = YES;
				CLANG_ENABLE_OBJC_ARC = YES;
				CLANG_WARN_BOOL_CONVERSION = YES;
				CLANG_WARN_CONSTANT_CONVERSION = YES;
				CLANG_WARN_DIRECT_OBJC_ISA_USAGE = YES_ERROR;
				CLANG_WARN_EMPTY_BODY = YES;
				CLANG_WARN_ENUM_CONVERSION = YES;
				CLANG_WARN_INT_CONVERSION = YES;
				CLANG_WARN_OBJC_ROOT_CLASS = YES_ERROR;
				CLANG_WARN_UNREACHABLE_CODE = YES;
				CLANG_WARN__DUPLICATE_METHOD_MATCH = YES;
				"CODE_SIGN_IDENTITY[sdk=iphoneos*]" = "iPhone Developer";
				COPY_PHASE_STRIP = NO;
				DEBUG_INFORMATION_FORMAT = "dwarf-with-dsym";
				ENABLE_NS_ASSERTIONS = NO;
				ENABLE_STRICT_OBJC_MSGSEND = YES;
				GCC_C_LANGUAGE_STANDARD = gnu99;
				GCC_NO_COMMON_BLOCKS = YES;
				GCC_WARN_64_TO_32_BIT_CONVERSION = YES;
				GCC_WARN_ABOUT_RETURN_TYPE = YES_ERROR;
				GCC_WARN_UNDECLARED_SELECTOR = YES;
				GCC_WARN_UNINITIALIZED_AUTOS = YES_AGGRESSIVE;
				GCC_WARN_UNUSED_FUNCTION = YES;
				GCC_WARN_UNUSED_VARIABLE = YES;
				IPHONEOS_DEPLOYMENT_TARGET = 8.3;
				MTL_ENABLE_DEBUG_INFO = NO;
				SDKROOT = iphoneos;
				TARGETED_DEVICE_FAMILY = "1,2";
				VALIDATE_PRODUCT = YES;
			};
			name = Release;
		};
		3465B4961B40400E00815770 /* Debug */ = {
			isa = XCBuildConfiguration;
			buildSettings = {
				ASSETCATALOG_COMPILER_APPICON_NAME = AppIcon;
				INFOPLIST_FILE = Calculator/Info.plist;
				LD_RUNPATH_SEARCH_PATHS = "$(inherited) @executable_path/Frameworks";
				PRODUCT_NAME = "$(TARGET_NAME)";
			};
			name = Debug;
		};
		3465B4971B40400E00815770 /* Release */ = {
			isa = XCBuildConfiguration;
			buildSettings = {
				ASSETCATALOG_COMPILER_APPICON_NAME = AppIcon;
				INFOPLIST_FILE = Calculator/Info.plist;
				LD_RUNPATH_SEARCH_PATHS = "$(inherited) @executable_path/Frameworks";
				PRODUCT_NAME = "$(TARGET_NAME)";
			};
			name = Release;
		};
		3465B4991B40400E00815770 /* Debug */ = {
			isa = XCBuildConfiguration;
			buildSettings = {
				BUNDLE_LOADER = "$(TEST_HOST)";
				FRAMEWORK_SEARCH_PATHS = (
					"$(SDKROOT)/Developer/Library/Frameworks",
					"$(inherited)",
				);
				GCC_PREPROCESSOR_DEFINITIONS = (
					"DEBUG=1",
					"$(inherited)",
				);
				INFOPLIST_FILE = CalculatorTests/Info.plist;
				LD_RUNPATH_SEARCH_PATHS = "$(inherited) @executable_path/Frameworks @loader_path/Frameworks";
				PRODUCT_NAME = "$(TARGET_NAME)";
				TEST_HOST = "$(BUILT_PRODUCTS_DIR)/Calculator.app/Calculator";
			};
			name = Debug;
		};
		3465B49A1B40400E00815770 /* Release */ = {
			isa = XCBuildConfiguration;
			buildSettings = {
				BUNDLE_LOADER = "$(TEST_HOST)";
				FRAMEWORK_SEARCH_PATHS = (
					"$(SDKROOT)/Developer/Library/Frameworks",
					"$(inherited)",
				);
				INFOPLIST_FILE = CalculatorTests/Info.plist;
				LD_RUNPATH_SEARCH_PATHS = "$(inherited) @executable_path/Frameworks @loader_path/Frameworks";
				PRODUCT_NAME = "$(TARGET_NAME)";
				TEST_HOST = "$(BUILT_PRODUCTS_DIR)/Calculator.app/Calculator";
			};
			name = Release;
		};
/* End XCBuildConfiguration section */

/* Begin XCConfigurationList section */
		3465B4711B40400D00815770 /* Build configuration list for PBXProject "Calculator" */ = {
			isa = XCConfigurationList;
			buildConfigurations = (
				3465B4931B40400E00815770 /* Debug */,
				3465B4941B40400E00815770 /* Release */,
			);
			defaultConfigurationIsVisible = 0;
			defaultConfigurationName = Release;
		};
		3465B4951B40400E00815770 /* Build configuration list for PBXNativeTarget "Calculator" */ = {
			isa = XCConfigurationList;
			buildConfigurations = (
				3465B4961B40400E00815770 /* Debug */,
				3465B4971B40400E00815770 /* Release */,
			);
			defaultConfigurationIsVisible = 0;
			defaultConfigurationName = Release;
		};
		3465B4981B40400E00815770 /* Build configuration list for PBXNativeTarget "CalculatorTests" */ = {
			isa = XCConfigurationList;
			buildConfigurations = (
				3465B4991B40400E00815770 /* Debug */,
				3465B49A1B40400E00815770 /* Release */,
			);
			defaultConfigurationIsVisible = 0;
			defaultConfigurationName = Release;
		};
/* End XCConfigurationList section */
	};
	rootObject = 3465B46E1B40400D00815770 /* Project object */;
}
